
Microsoft Visual Studio Solution File, Format Version 12.00
# Visual Studio Version 17
VisualStudioVersion = 17.8.34322.80
MinimumVisualStudioVersion = 10.0.40219.1
Project("{9A19103F-16F7-4668-BE54-9A1E7A4F7556}") = "Aoc2023Day1Test", "test\Aoc2023Day1Test\Aoc2023Day1Test.csproj", "{212549E1-44C0-41BC-ADE3-BB09EAC46609}"
EndProject
Project("{2150E333-8FDC-42A3-9474-1A3956D46DE8}") = "src", "src", "{46CDD27C-8FE4-414F-9F9E-E0FE2FF03A72}"
EndProject
Project("{2150E333-8FDC-42A3-9474-1A3956D46DE8}") = "test", "test", "{C194DF31-F09F-4D9C-9938-DEF2BAC20260}"
EndProject
Project("{9A19103F-16F7-4668-BE54-9A1E7A4F7556}") = "Aoc2023Day1", "src\Aoc2023Day1\Aoc2023Day1.csproj", "{D9A53C88-1D51-4CFC-9353-0169FB47445E}"
EndProject
Project("{9A19103F-16F7-4668-BE54-9A1E7A4F7556}") = "Aoc2023Day2", "src\Aoc2023Day2\Aoc2023Day2.csproj", "{183B511E-0847-42FD-BEF9-CDFF4AB27D9F}"
EndProject
Project("{9A19103F-16F7-4668-BE54-9A1E7A4F7556}") = "Aoc2023Day2Test", "test\Aoc2023Day2Test\Aoc2023Day2Test.csproj", "{257029AE-8A6A-4DDC-9BB8-4AD7E57B5104}"
EndProject
Project("{FAE04EC0-301F-11D3-BF4B-00C04F79EFBC}") = "Aoc2023Day3Test", "test\Aoc2023Day3Test\Aoc2023Day3Test.csproj", "{088DF29B-28A1-40D9-9B11-19DB2084F308}"
EndProject
Project("{FAE04EC0-301F-11D3-BF4B-00C04F79EFBC}") = "Aoc2023Day3", "src\Aoc2023Day3\Aoc2023Day3.csproj", "{F6F87AD4-F5C4-4F80-8595-CCE11DA25C76}"
EndProject
Project("{FAE04EC0-301F-11D3-BF4B-00C04F79EFBC}") = "Aoc2023Day4", "src\Aoc2023Day4\Aoc2023Day4.csproj", "{C2340582-B013-4750-BFB0-348D5779A6EA}"
EndProject
Project("{FAE04EC0-301F-11D3-BF4B-00C04F79EFBC}") = "Aoc2023Day4Test", "test\Aoc2023Day4Test\Aoc2023Day4Test.csproj", "{CE5AE674-523F-4416-9953-21E8ACC5DB0E}"
EndProject
Project("{FAE04EC0-301F-11D3-BF4B-00C04F79EFBC}") = "Aoc2023Day5", "src\Aoc2023Day5\Aoc2023Day5.csproj", "{77B054C1-99B4-49C4-9583-D1D1B2A330D5}"
EndProject
Project("{FAE04EC0-301F-11D3-BF4B-00C04F79EFBC}") = "Aoc2023Day5Test", "test\Aoc2023Day5Test\Aoc2023Day5Test.csproj", "{837533D2-41E7-40FC-B485-23D72F0008EA}"
EndProject
Project("{FAE04EC0-301F-11D3-BF4B-00C04F79EFBC}") = "Aoc2023Day6", "src\Aoc2023Day6\Aoc2023Day6.csproj", "{3E198524-9211-4B90-9F94-96D5AF52EF22}"
EndProject
Project("{FAE04EC0-301F-11D3-BF4B-00C04F79EFBC}") = "Aoc2023Day6Test", "test\Aoc2023Day6Test\Aoc2023Day6Test.csproj", "{DAEAB2D6-35CA-48DC-A56C-1B20CA471BDD}"
EndProject
Global
	GlobalSection(SolutionConfigurationPlatforms) = preSolution
		Debug|Any CPU = Debug|Any CPU
		Release|Any CPU = Release|Any CPU
	EndGlobalSection
	GlobalSection(ProjectConfigurationPlatforms) = postSolution
		{212549E1-44C0-41BC-ADE3-BB09EAC46609}.Debug|Any CPU.ActiveCfg = Debug|Any CPU
		{212549E1-44C0-41BC-ADE3-BB09EAC46609}.Debug|Any CPU.Build.0 = Debug|Any CPU
		{212549E1-44C0-41BC-ADE3-BB09EAC46609}.Release|Any CPU.ActiveCfg = Release|Any CPU
		{212549E1-44C0-41BC-ADE3-BB09EAC46609}.Release|Any CPU.Build.0 = Release|Any CPU
		{D9A53C88-1D51-4CFC-9353-0169FB47445E}.Debug|Any CPU.ActiveCfg = Debug|Any CPU
		{D9A53C88-1D51-4CFC-9353-0169FB47445E}.Debug|Any CPU.Build.0 = Debug|Any CPU
		{D9A53C88-1D51-4CFC-9353-0169FB47445E}.Release|Any CPU.ActiveCfg = Release|Any CPU
		{D9A53C88-1D51-4CFC-9353-0169FB47445E}.Release|Any CPU.Build.0 = Release|Any CPU
		{183B511E-0847-42FD-BEF9-CDFF4AB27D9F}.Debug|Any CPU.ActiveCfg = Debug|Any CPU
		{183B511E-0847-42FD-BEF9-CDFF4AB27D9F}.Debug|Any CPU.Build.0 = Debug|Any CPU
		{183B511E-0847-42FD-BEF9-CDFF4AB27D9F}.Release|Any CPU.ActiveCfg = Release|Any CPU
		{183B511E-0847-42FD-BEF9-CDFF4AB27D9F}.Release|Any CPU.Build.0 = Release|Any CPU
		{257029AE-8A6A-4DDC-9BB8-4AD7E57B5104}.Debug|Any CPU.ActiveCfg = Debug|Any CPU
		{257029AE-8A6A-4DDC-9BB8-4AD7E57B5104}.Debug|Any CPU.Build.0 = Debug|Any CPU
		{257029AE-8A6A-4DDC-9BB8-4AD7E57B5104}.Release|Any CPU.ActiveCfg = Release|Any CPU
		{257029AE-8A6A-4DDC-9BB8-4AD7E57B5104}.Release|Any CPU.Build.0 = Release|Any CPU
		{088DF29B-28A1-40D9-9B11-19DB2084F308}.Debug|Any CPU.ActiveCfg = Debug|Any CPU
		{088DF29B-28A1-40D9-9B11-19DB2084F308}.Debug|Any CPU.Build.0 = Debug|Any CPU
		{088DF29B-28A1-40D9-9B11-19DB2084F308}.Release|Any CPU.ActiveCfg = Release|Any CPU
		{088DF29B-28A1-40D9-9B11-19DB2084F308}.Release|Any CPU.Build.0 = Release|Any CPU
		{F6F87AD4-F5C4-4F80-8595-CCE11DA25C76}.Debug|Any CPU.ActiveCfg = Debug|Any CPU
		{F6F87AD4-F5C4-4F80-8595-CCE11DA25C76}.Debug|Any CPU.Build.0 = Debug|Any CPU
		{F6F87AD4-F5C4-4F80-8595-CCE11DA25C76}.Release|Any CPU.ActiveCfg = Release|Any CPU
		{F6F87AD4-F5C4-4F80-8595-CCE11DA25C76}.Release|Any CPU.Build.0 = Release|Any CPU
		{C2340582-B013-4750-BFB0-348D5779A6EA}.Debug|Any CPU.ActiveCfg = Debug|Any CPU
		{C2340582-B013-4750-BFB0-348D5779A6EA}.Debug|Any CPU.Build.0 = Debug|Any CPU
		{C2340582-B013-4750-BFB0-348D5779A6EA}.Release|Any CPU.ActiveCfg = Release|Any CPU
		{C2340582-B013-4750-BFB0-348D5779A6EA}.Release|Any CPU.Build.0 = Release|Any CPU
		{CE5AE674-523F-4416-9953-21E8ACC5DB0E}.Debug|Any CPU.ActiveCfg = Debug|Any CPU
		{CE5AE674-523F-4416-9953-21E8ACC5DB0E}.Debug|Any CPU.Build.0 = Debug|Any CPU
		{CE5AE674-523F-4416-9953-21E8ACC5DB0E}.Release|Any CPU.ActiveCfg = Release|Any CPU
		{CE5AE674-523F-4416-9953-21E8ACC5DB0E}.Release|Any CPU.Build.0 = Release|Any CPU
		{77B054C1-99B4-49C4-9583-D1D1B2A330D5}.Debug|Any CPU.ActiveCfg = Debug|Any CPU
		{77B054C1-99B4-49C4-9583-D1D1B2A330D5}.Debug|Any CPU.Build.0 = Debug|Any CPU
		{77B054C1-99B4-49C4-9583-D1D1B2A330D5}.Release|Any CPU.ActiveCfg = Release|Any CPU
		{77B054C1-99B4-49C4-9583-D1D1B2A330D5}.Release|Any CPU.Build.0 = Release|Any CPU
		{837533D2-41E7-40FC-B485-23D72F0008EA}.Debug|Any CPU.ActiveCfg = Debug|Any CPU
		{837533D2-41E7-40FC-B485-23D72F0008EA}.Debug|Any CPU.Build.0 = Debug|Any CPU
		{837533D2-41E7-40FC-B485-23D72F0008EA}.Release|Any CPU.ActiveCfg = Release|Any CPU
		{837533D2-41E7-40FC-B485-23D72F0008EA}.Release|Any CPU.Build.0 = Release|Any CPU
		{3E198524-9211-4B90-9F94-96D5AF52EF22}.Debug|Any CPU.ActiveCfg = Debug|Any CPU
		{3E198524-9211-4B90-9F94-96D5AF52EF22}.Debug|Any CPU.Build.0 = Debug|Any CPU
		{3E198524-9211-4B90-9F94-96D5AF52EF22}.Release|Any CPU.ActiveCfg = Release|Any CPU
		{3E198524-9211-4B90-9F94-96D5AF52EF22}.Release|Any CPU.Build.0 = Release|Any CPU
		{DAEAB2D6-35CA-48DC-A56C-1B20CA471BDD}.Debug|Any CPU.ActiveCfg = Debug|Any CPU
		{DAEAB2D6-35CA-48DC-A56C-1B20CA471BDD}.Debug|Any CPU.Build.0 = Debug|Any CPU
		{DAEAB2D6-35CA-48DC-A56C-1B20CA471BDD}.Release|Any CPU.ActiveCfg = Release|Any CPU
		{DAEAB2D6-35CA-48DC-A56C-1B20CA471BDD}.Release|Any CPU.Build.0 = Release|Any CPU
	EndGlobalSection
	GlobalSection(SolutionProperties) = preSolution
		HideSolutionNode = FALSE
	EndGlobalSection
	GlobalSection(NestedProjects) = preSolution
		{212549E1-44C0-41BC-ADE3-BB09EAC46609} = {C194DF31-F09F-4D9C-9938-DEF2BAC20260}
		{D9A53C88-1D51-4CFC-9353-0169FB47445E} = {46CDD27C-8FE4-414F-9F9E-E0FE2FF03A72}
		{183B511E-0847-42FD-BEF9-CDFF4AB27D9F} = {46CDD27C-8FE4-414F-9F9E-E0FE2FF03A72}
		{257029AE-8A6A-4DDC-9BB8-4AD7E57B5104} = {C194DF31-F09F-4D9C-9938-DEF2BAC20260}
		{088DF29B-28A1-40D9-9B11-19DB2084F308} = {C194DF31-F09F-4D9C-9938-DEF2BAC20260}
		{F6F87AD4-F5C4-4F80-8595-CCE11DA25C76} = {46CDD27C-8FE4-414F-9F9E-E0FE2FF03A72}
		{C2340582-B013-4750-BFB0-348D5779A6EA} = {46CDD27C-8FE4-414F-9F9E-E0FE2FF03A72}
		{CE5AE674-523F-4416-9953-21E8ACC5DB0E} = {C194DF31-F09F-4D9C-9938-DEF2BAC20260}
		{77B054C1-99B4-49C4-9583-D1D1B2A330D5} = {46CDD27C-8FE4-414F-9F9E-E0FE2FF03A72}
		{837533D2-41E7-40FC-B485-23D72F0008EA} = {C194DF31-F09F-4D9C-9938-DEF2BAC20260}
		{3E198524-9211-4B90-9F94-96D5AF52EF22} = {46CDD27C-8FE4-414F-9F9E-E0FE2FF03A72}
		{DAEAB2D6-35CA-48DC-A56C-1B20CA471BDD} = {C194DF31-F09F-4D9C-9938-DEF2BAC20260}
	EndGlobalSection
	GlobalSection(ExtensibilityGlobals) = postSolution
		SolutionGuid = {89C5F152-8DCF-41C7-AA44-E8041C49E605}
	EndGlobalSection
EndGlobal
