
Microsoft Visual Studio Solution File, Format Version 12.00
# Visual Studio Version 17
VisualStudioVersion = 17.8.34322.80
MinimumVisualStudioVersion = 10.0.40219.1
Project("{9A19103F-16F7-4668-BE54-9A1E7A4F7556}") = "Aoc2023Day1Test", "test\Aoc2023Day1Test\Aoc2023Day1Test.csproj", "{212549E1-44C0-41BC-ADE3-BB09EAC46609}"
EndProject
Project("{2150E333-8FDC-42A3-9474-1A3956D46DE8}") = "src", "src", "{46CDD27C-8FE4-414F-9F9E-E0FE2FF03A72}"
EndProject
Project("{2150E333-8FDC-42A3-9474-1A3956D46DE8}") = "test", "test", "{C194DF31-F09F-4D9C-9938-DEF2BAC20260}"
EndProject
Project("{9A19103F-16F7-4668-BE54-9A1E7A4F7556}") = "Aoc2023Day1", "src\Aoc2023Day1\Aoc2023Day1.csproj", "{D9A53C88-1D51-4CFC-9353-0169FB47445E}"
EndProject
Project("{9A19103F-16F7-4668-BE54-9A1E7A4F7556}") = "Aoc2023Day2", "src\Aoc2023Day2\Aoc2023Day2.csproj", "{183B511E-0847-42FD-BEF9-CDFF4AB27D9F}"
EndProject
Project("{9A19103F-16F7-4668-BE54-9A1E7A4F7556}") = "Aoc2023Day2Test", "test\Aoc2023Day2Test\Aoc2023Day2Test.csproj", "{257029AE-8A6A-4DDC-9BB8-4AD7E57B5104}"
EndProject
Project("{9A19103F-16F7-4668-BE54-9A1E7A4F7556}") = "Aoc2023Day3Test", "test\Aoc2023Day3Test\Aoc2023Day3Test.csproj", "{088DF29B-28A1-40D9-9B11-19DB2084F308}"
EndProject
Project("{9A19103F-16F7-4668-BE54-9A1E7A4F7556}") = "Aoc2023Day3", "src\Aoc2023Day3\Aoc2023Day3.csproj", "{F6F87AD4-F5C4-4F80-8595-CCE11DA25C76}"
EndProject
Project("{9A19103F-16F7-4668-BE54-9A1E7A4F7556}") = "Aoc2023Day4", "src\Aoc2023Day4\Aoc2023Day4.csproj", "{C2340582-B013-4750-BFB0-348D5779A6EA}"
EndProject
Project("{9A19103F-16F7-4668-BE54-9A1E7A4F7556}") = "Aoc2023Day4Test", "test\Aoc2023Day4Test\Aoc2023Day4Test.csproj", "{CE5AE674-523F-4416-9953-21E8ACC5DB0E}"
EndProject
Project("{9A19103F-16F7-4668-BE54-9A1E7A4F7556}") = "Aoc2023Day5", "src\Aoc2023Day5\Aoc2023Day5.csproj", "{77B054C1-99B4-49C4-9583-D1D1B2A330D5}"
EndProject
Project("{9A19103F-16F7-4668-BE54-9A1E7A4F7556}") = "Aoc2023Day5Test", "test\Aoc2023Day5Test\Aoc2023Day5Test.csproj", "{837533D2-41E7-40FC-B485-23D72F0008EA}"
EndProject
Project("{9A19103F-16F7-4668-BE54-9A1E7A4F7556}") = "Aoc2023Day6", "src\Aoc2023Day6\Aoc2023Day6.csproj", "{3E198524-9211-4B90-9F94-96D5AF52EF22}"
EndProject
Project("{9A19103F-16F7-4668-BE54-9A1E7A4F7556}") = "Aoc2023Day6Test", "test\Aoc2023Day6Test\Aoc2023Day6Test.csproj", "{DAEAB2D6-35CA-48DC-A56C-1B20CA471BDD}"
EndProject
Project("{9A19103F-16F7-4668-BE54-9A1E7A4F7556}") = "Aoc2023Day7", "src\Aoc2023Day7\Aoc2023Day7.csproj", "{C8F860E0-7F9D-48FF-80A7-E3224785DA72}"
EndProject
Project("{9A19103F-16F7-4668-BE54-9A1E7A4F7556}") = "Aoc2023Day7Test", "test\Aoc2023Day7Test\Aoc2023Day7Test.csproj", "{29293FB7-EB7C-4FA5-B4B0-F17176658ACE}"
EndProject
Project("{9A19103F-16F7-4668-BE54-9A1E7A4F7556}") = "Aoc2023Day9", "src\Aoc2023Day9\Aoc2023Day9.csproj", "{D6B2E3AA-B492-48DD-B142-784E6EE4E3D8}"
EndProject
Project("{9A19103F-16F7-4668-BE54-9A1E7A4F7556}") = "Aoc2023Day9Test", "test\Aoc2023Day9Test\Aoc2023Day9Test.csproj", "{4299BC40-7604-4D05-AE3D-2CBF09A23130}"
EndProject
Project("{9A19103F-16F7-4668-BE54-9A1E7A4F7556}") = "Aoc2023Day10", "src\Aoc2023Day10\Aoc2023Day10.csproj", "{7211C4E8-305A-4D16-B907-2FEF2B48D213}"
EndProject
Project("{9A19103F-16F7-4668-BE54-9A1E7A4F7556}") = "Aoc2023Day10Test", "test\Aoc2023Day10Test\Aoc2023Day10Test.csproj", "{E13C84C1-77A5-4102-9854-E87271A58172}"
EndProject
Project("{9A19103F-16F7-4668-BE54-9A1E7A4F7556}") = "Aoc2023Day8", "src\Aoc2023Day8\Aoc2023Day8.csproj", "{EE920360-EA4C-4EC4-8F6E-2C6A58072905}"
EndProject
Project("{9A19103F-16F7-4668-BE54-9A1E7A4F7556}") = "Aoc2023Day8Test", "test\Aoc2023Day8Test\Aoc2023Day8Test.csproj", "{BFE35789-4750-4886-9288-CF74E6D8BECB}"
EndProject
Project("{9A19103F-16F7-4668-BE54-9A1E7A4F7556}") = "Aoc2023Day11", "src\Aoc2023Day11\Aoc2023Day11.csproj", "{BBCA17E1-AB6A-4AD7-80E8-3E457D6E8A5C}"
EndProject
Project("{9A19103F-16F7-4668-BE54-9A1E7A4F7556}") = "Aoc2023Day11Test", "test\Aoc2023Day11Test\Aoc2023Day11Test.csproj", "{2483EB71-6AE4-46C1-BD26-BB540E5E7277}"
EndProject
Project("{9A19103F-16F7-4668-BE54-9A1E7A4F7556}") = "Aoc2023Day12", "src\Aoc2023Day12\Aoc2023Day12.csproj", "{0BCF3AC0-B886-4C5D-B311-FB9C7CF23847}"
EndProject
Project("{9A19103F-16F7-4668-BE54-9A1E7A4F7556}") = "Aoc2023Day12Test", "test\Aoc2023Day12Test\Aoc2023Day12Test.csproj", "{A6459A65-3CE8-442C-9815-CF0E3823AA6E}"
EndProject
Project("{9A19103F-16F7-4668-BE54-9A1E7A4F7556}") = "Aoc2023Day13", "src\Aoc2023Day13\Aoc2023Day13.csproj", "{4032C8ED-9123-4251-B0F9-0A0AB081B550}"
EndProject
Project("{9A19103F-16F7-4668-BE54-9A1E7A4F7556}") = "Aoc2023Day13Test", "test\Aoc2023Day13Test\Aoc2023Day13Test.csproj", "{9FFC8A30-9A00-47EB-8C79-3A5BC0FC650D}"
EndProject
Project("{9A19103F-16F7-4668-BE54-9A1E7A4F7556}") = "Aoc2023Day14", "src\Aoc2023Day14\Aoc2023Day14.csproj", "{D2BE9845-5E12-4E07-8C89-EAC5A0A0ECE8}"
EndProject
Project("{9A19103F-16F7-4668-BE54-9A1E7A4F7556}") = "Aoc2023Day14Test", "test\Aoc2023Day14Test\Aoc2023Day14Test.csproj", "{ECB8D16F-65FC-4D47-A154-1C78432E3E6B}"
EndProject
Project("{9A19103F-16F7-4668-BE54-9A1E7A4F7556}") = "Aoc2023Day15", "src\Aoc2023Day15\Aoc2023Day15.csproj", "{98D277BF-0AAD-4068-9504-DC60C005AB3E}"
EndProject
Project("{9A19103F-16F7-4668-BE54-9A1E7A4F7556}") = "Aoc2023Day15Test", "test\Aoc2023Day15Test\Aoc2023Day15Test.csproj", "{83A8B83E-B98A-41B8-9BD3-108C413DE177}"
EndProject
Project("{9A19103F-16F7-4668-BE54-9A1E7A4F7556}") = "Aoc2023Day16", "src\Aoc2023Day16\Aoc2023Day16.csproj", "{8CBE4222-0CF4-452C-B033-B6FFB4A6CF81}"
EndProject
Project("{9A19103F-16F7-4668-BE54-9A1E7A4F7556}") = "Aoc2023Day16Test", "test\Aoc2023Day16Test\Aoc2023Day16Test.csproj", "{3F10CC6F-EF06-4122-A012-835F8CC04644}"
EndProject
Project("{9A19103F-16F7-4668-BE54-9A1E7A4F7556}") = "Aoc2023Day17", "src\Aoc2023Day17\Aoc2023Day17.csproj", "{A94FC066-3B2A-4781-B841-C226D3B21EFF}"
EndProject
Project("{9A19103F-16F7-4668-BE54-9A1E7A4F7556}") = "Aoc2023Day17Test", "test\Aoc2023Day17Test\Aoc2023Day17Test.csproj", "{8D37BA85-CFF3-4A9A-BDBE-756BAED6B096}"
EndProject
Project("{9A19103F-16F7-4668-BE54-9A1E7A4F7556}") = "Aoc2023Day18", "src\Aoc2023Day18\Aoc2023Day18.csproj", "{4FC1347F-EE86-4DEE-9F88-B17B016DAD40}"
EndProject
Project("{9A19103F-16F7-4668-BE54-9A1E7A4F7556}") = "Aoc2023Day18Test", "test\Aoc2023Day18Test\Aoc2023Day18Test.csproj", "{FF7E4CCE-7D18-438D-A6FB-AC932BD8F338}"
EndProject
Project("{9A19103F-16F7-4668-BE54-9A1E7A4F7556}") = "Aoc2023Day19", "src\Aoc2023Day19\Aoc2023Day19.csproj", "{EF2AD2C6-42AC-408E-93A2-7A53AB8D00F9}"
EndProject
Project("{9A19103F-16F7-4668-BE54-9A1E7A4F7556}") = "Aoc2023Day19Test", "test\Aoc2023Day19Test\Aoc2023Day19Test.csproj", "{765A13EF-4608-4FB6-82E3-EDC6E669FA1C}"
EndProject
Project("{9A19103F-16F7-4668-BE54-9A1E7A4F7556}") = "Aoc2023Day20", "src\Aoc2023Day20\Aoc2023Day20.csproj", "{2561F17E-E6E7-4D1C-B2CD-F2632C71A868}"
EndProject
Project("{9A19103F-16F7-4668-BE54-9A1E7A4F7556}") = "Aoc2023Day20Test", "test\Aoc2023Day20Test\Aoc2023Day20Test.csproj", "{F48A29A0-4756-4044-80E4-65375191DCDC}"
EndProject
Project("{9A19103F-16F7-4668-BE54-9A1E7A4F7556}") = "Aoc2023Day22", "src\Aoc2023Day22\Aoc2023Day22.csproj", "{7201FB8D-0D2B-4E98-8307-C9E5B79A89CE}"
EndProject
Project("{9A19103F-16F7-4668-BE54-9A1E7A4F7556}") = "Aoc2023Day22Test", "test\Aoc2023Day22Test\Aoc2023Day22Test.csproj", "{C42DB3BE-E751-426B-8F26-FBD8D1D06E20}"
EndProject
Project("{9A19103F-16F7-4668-BE54-9A1E7A4F7556}") = "Aoc2023Day23", "src\Aoc2023Day23\Aoc2023Day23.csproj", "{B01D3F8E-ACF5-4DD1-8EC1-546BD243B519}"
EndProject
Project("{9A19103F-16F7-4668-BE54-9A1E7A4F7556}") = "Aoc2023Day23Test", "test\Aoc2023Day23Test\Aoc2023Day23Test.csproj", "{BA4BD9D4-96FE-409D-91C3-F5C5AE21CA94}"
EndProject
Project("{9A19103F-16F7-4668-BE54-9A1E7A4F7556}") = "Aoc2023Day24", "src\Aoc2023Day24\Aoc2023Day24.csproj", "{1493E5E3-01C8-4EFC-9024-5C72E1E68B39}"
EndProject
Project("{9A19103F-16F7-4668-BE54-9A1E7A4F7556}") = "Aoc2023Day24Test", "test\Aoc2023Day24Test\Aoc2023Day24Test.csproj", "{9DE2C6A8-064A-4935-9C33-06DDC80BA30E}"
EndProject
Project("{9A19103F-16F7-4668-BE54-9A1E7A4F7556}") = "Aoc2023Day21", "src\Aoc2023Day21\Aoc2023Day21.csproj", "{81FF07DB-A865-40F0-9E66-C8662BA1C0CC}"
EndProject
Project("{9A19103F-16F7-4668-BE54-9A1E7A4F7556}") = "Aoc2023Day21Test", "test\Aoc2023Day21Test\Aoc2023Day21Test.csproj", "{62590A39-0047-46B5-8CE9-DD6AD1635FCC}"
EndProject
Project("{9A19103F-16F7-4668-BE54-9A1E7A4F7556}") = "Aoc2023Day25", "src\Aoc2023Day25\Aoc2023Day25.csproj", "{35D2F707-3AF5-4E48-B29E-EF898E56531D}"
EndProject
Project("{9A19103F-16F7-4668-BE54-9A1E7A4F7556}") = "Aoc2023Day25Test", "test\Aoc2023Day25Test\Aoc2023Day25Test.csproj", "{6DB420EE-9977-4489-A7E3-BFA411F42530}"
EndProject
Project("{9A19103F-16F7-4668-BE54-9A1E7A4F7556}") = "Utils", "src\Utils\Utils.csproj", "{01CBA68E-AB97-4FF2-AF6B-D856E57001E4}"
EndProject
Project("{FAE04EC0-301F-11D3-BF4B-00C04F79EFBC}") = "UtilsTest", "test\UtilsTest\UtilsTest.csproj", "{B227D8F1-12C9-4262-9184-B5C56756A073}"
EndProject
Global
	GlobalSection(SolutionConfigurationPlatforms) = preSolution
		Debug|Any CPU = Debug|Any CPU
		Release|Any CPU = Release|Any CPU
	EndGlobalSection
	GlobalSection(ProjectConfigurationPlatforms) = postSolution
		{212549E1-44C0-41BC-ADE3-BB09EAC46609}.Debug|Any CPU.ActiveCfg = Debug|Any CPU
		{212549E1-44C0-41BC-ADE3-BB09EAC46609}.Debug|Any CPU.Build.0 = Debug|Any CPU
		{212549E1-44C0-41BC-ADE3-BB09EAC46609}.Release|Any CPU.ActiveCfg = Release|Any CPU
		{212549E1-44C0-41BC-ADE3-BB09EAC46609}.Release|Any CPU.Build.0 = Release|Any CPU
		{D9A53C88-1D51-4CFC-9353-0169FB47445E}.Debug|Any CPU.ActiveCfg = Debug|Any CPU
		{D9A53C88-1D51-4CFC-9353-0169FB47445E}.Debug|Any CPU.Build.0 = Debug|Any CPU
		{D9A53C88-1D51-4CFC-9353-0169FB47445E}.Release|Any CPU.ActiveCfg = Release|Any CPU
		{D9A53C88-1D51-4CFC-9353-0169FB47445E}.Release|Any CPU.Build.0 = Release|Any CPU
		{183B511E-0847-42FD-BEF9-CDFF4AB27D9F}.Debug|Any CPU.ActiveCfg = Debug|Any CPU
		{183B511E-0847-42FD-BEF9-CDFF4AB27D9F}.Debug|Any CPU.Build.0 = Debug|Any CPU
		{183B511E-0847-42FD-BEF9-CDFF4AB27D9F}.Release|Any CPU.ActiveCfg = Release|Any CPU
		{183B511E-0847-42FD-BEF9-CDFF4AB27D9F}.Release|Any CPU.Build.0 = Release|Any CPU
		{257029AE-8A6A-4DDC-9BB8-4AD7E57B5104}.Debug|Any CPU.ActiveCfg = Debug|Any CPU
		{257029AE-8A6A-4DDC-9BB8-4AD7E57B5104}.Debug|Any CPU.Build.0 = Debug|Any CPU
		{257029AE-8A6A-4DDC-9BB8-4AD7E57B5104}.Release|Any CPU.ActiveCfg = Release|Any CPU
		{257029AE-8A6A-4DDC-9BB8-4AD7E57B5104}.Release|Any CPU.Build.0 = Release|Any CPU
		{088DF29B-28A1-40D9-9B11-19DB2084F308}.Debug|Any CPU.ActiveCfg = Debug|Any CPU
		{088DF29B-28A1-40D9-9B11-19DB2084F308}.Debug|Any CPU.Build.0 = Debug|Any CPU
		{088DF29B-28A1-40D9-9B11-19DB2084F308}.Release|Any CPU.ActiveCfg = Release|Any CPU
		{088DF29B-28A1-40D9-9B11-19DB2084F308}.Release|Any CPU.Build.0 = Release|Any CPU
		{F6F87AD4-F5C4-4F80-8595-CCE11DA25C76}.Debug|Any CPU.ActiveCfg = Debug|Any CPU
		{F6F87AD4-F5C4-4F80-8595-CCE11DA25C76}.Debug|Any CPU.Build.0 = Debug|Any CPU
		{F6F87AD4-F5C4-4F80-8595-CCE11DA25C76}.Release|Any CPU.ActiveCfg = Release|Any CPU
		{F6F87AD4-F5C4-4F80-8595-CCE11DA25C76}.Release|Any CPU.Build.0 = Release|Any CPU
		{C2340582-B013-4750-BFB0-348D5779A6EA}.Debug|Any CPU.ActiveCfg = Debug|Any CPU
		{C2340582-B013-4750-BFB0-348D5779A6EA}.Debug|Any CPU.Build.0 = Debug|Any CPU
		{C2340582-B013-4750-BFB0-348D5779A6EA}.Release|Any CPU.ActiveCfg = Release|Any CPU
		{C2340582-B013-4750-BFB0-348D5779A6EA}.Release|Any CPU.Build.0 = Release|Any CPU
		{CE5AE674-523F-4416-9953-21E8ACC5DB0E}.Debug|Any CPU.ActiveCfg = Debug|Any CPU
		{CE5AE674-523F-4416-9953-21E8ACC5DB0E}.Debug|Any CPU.Build.0 = Debug|Any CPU
		{CE5AE674-523F-4416-9953-21E8ACC5DB0E}.Release|Any CPU.ActiveCfg = Release|Any CPU
		{CE5AE674-523F-4416-9953-21E8ACC5DB0E}.Release|Any CPU.Build.0 = Release|Any CPU
		{77B054C1-99B4-49C4-9583-D1D1B2A330D5}.Debug|Any CPU.ActiveCfg = Debug|Any CPU
		{77B054C1-99B4-49C4-9583-D1D1B2A330D5}.Debug|Any CPU.Build.0 = Debug|Any CPU
		{77B054C1-99B4-49C4-9583-D1D1B2A330D5}.Release|Any CPU.ActiveCfg = Release|Any CPU
		{77B054C1-99B4-49C4-9583-D1D1B2A330D5}.Release|Any CPU.Build.0 = Release|Any CPU
		{837533D2-41E7-40FC-B485-23D72F0008EA}.Debug|Any CPU.ActiveCfg = Debug|Any CPU
		{837533D2-41E7-40FC-B485-23D72F0008EA}.Debug|Any CPU.Build.0 = Debug|Any CPU
		{837533D2-41E7-40FC-B485-23D72F0008EA}.Release|Any CPU.ActiveCfg = Release|Any CPU
		{837533D2-41E7-40FC-B485-23D72F0008EA}.Release|Any CPU.Build.0 = Release|Any CPU
		{3E198524-9211-4B90-9F94-96D5AF52EF22}.Debug|Any CPU.ActiveCfg = Debug|Any CPU
		{3E198524-9211-4B90-9F94-96D5AF52EF22}.Debug|Any CPU.Build.0 = Debug|Any CPU
		{3E198524-9211-4B90-9F94-96D5AF52EF22}.Release|Any CPU.ActiveCfg = Release|Any CPU
		{3E198524-9211-4B90-9F94-96D5AF52EF22}.Release|Any CPU.Build.0 = Release|Any CPU
		{DAEAB2D6-35CA-48DC-A56C-1B20CA471BDD}.Debug|Any CPU.ActiveCfg = Debug|Any CPU
		{DAEAB2D6-35CA-48DC-A56C-1B20CA471BDD}.Debug|Any CPU.Build.0 = Debug|Any CPU
		{DAEAB2D6-35CA-48DC-A56C-1B20CA471BDD}.Release|Any CPU.ActiveCfg = Release|Any CPU
		{DAEAB2D6-35CA-48DC-A56C-1B20CA471BDD}.Release|Any CPU.Build.0 = Release|Any CPU
		{C8F860E0-7F9D-48FF-80A7-E3224785DA72}.Debug|Any CPU.ActiveCfg = Debug|Any CPU
		{C8F860E0-7F9D-48FF-80A7-E3224785DA72}.Debug|Any CPU.Build.0 = Debug|Any CPU
		{C8F860E0-7F9D-48FF-80A7-E3224785DA72}.Release|Any CPU.ActiveCfg = Release|Any CPU
		{C8F860E0-7F9D-48FF-80A7-E3224785DA72}.Release|Any CPU.Build.0 = Release|Any CPU
		{29293FB7-EB7C-4FA5-B4B0-F17176658ACE}.Debug|Any CPU.ActiveCfg = Debug|Any CPU
		{29293FB7-EB7C-4FA5-B4B0-F17176658ACE}.Debug|Any CPU.Build.0 = Debug|Any CPU
		{29293FB7-EB7C-4FA5-B4B0-F17176658ACE}.Release|Any CPU.ActiveCfg = Release|Any CPU
		{29293FB7-EB7C-4FA5-B4B0-F17176658ACE}.Release|Any CPU.Build.0 = Release|Any CPU
		{D6B2E3AA-B492-48DD-B142-784E6EE4E3D8}.Debug|Any CPU.ActiveCfg = Debug|Any CPU
		{D6B2E3AA-B492-48DD-B142-784E6EE4E3D8}.Debug|Any CPU.Build.0 = Debug|Any CPU
		{D6B2E3AA-B492-48DD-B142-784E6EE4E3D8}.Release|Any CPU.ActiveCfg = Release|Any CPU
		{D6B2E3AA-B492-48DD-B142-784E6EE4E3D8}.Release|Any CPU.Build.0 = Release|Any CPU
		{4299BC40-7604-4D05-AE3D-2CBF09A23130}.Debug|Any CPU.ActiveCfg = Debug|Any CPU
		{4299BC40-7604-4D05-AE3D-2CBF09A23130}.Debug|Any CPU.Build.0 = Debug|Any CPU
		{4299BC40-7604-4D05-AE3D-2CBF09A23130}.Release|Any CPU.ActiveCfg = Release|Any CPU
		{4299BC40-7604-4D05-AE3D-2CBF09A23130}.Release|Any CPU.Build.0 = Release|Any CPU
		{7211C4E8-305A-4D16-B907-2FEF2B48D213}.Debug|Any CPU.ActiveCfg = Debug|Any CPU
		{7211C4E8-305A-4D16-B907-2FEF2B48D213}.Debug|Any CPU.Build.0 = Debug|Any CPU
		{7211C4E8-305A-4D16-B907-2FEF2B48D213}.Release|Any CPU.ActiveCfg = Release|Any CPU
		{7211C4E8-305A-4D16-B907-2FEF2B48D213}.Release|Any CPU.Build.0 = Release|Any CPU
		{E13C84C1-77A5-4102-9854-E87271A58172}.Debug|Any CPU.ActiveCfg = Debug|Any CPU
		{E13C84C1-77A5-4102-9854-E87271A58172}.Debug|Any CPU.Build.0 = Debug|Any CPU
		{E13C84C1-77A5-4102-9854-E87271A58172}.Release|Any CPU.ActiveCfg = Release|Any CPU
		{E13C84C1-77A5-4102-9854-E87271A58172}.Release|Any CPU.Build.0 = Release|Any CPU
		{EE920360-EA4C-4EC4-8F6E-2C6A58072905}.Debug|Any CPU.ActiveCfg = Debug|Any CPU
		{EE920360-EA4C-4EC4-8F6E-2C6A58072905}.Debug|Any CPU.Build.0 = Debug|Any CPU
		{EE920360-EA4C-4EC4-8F6E-2C6A58072905}.Release|Any CPU.ActiveCfg = Release|Any CPU
		{EE920360-EA4C-4EC4-8F6E-2C6A58072905}.Release|Any CPU.Build.0 = Release|Any CPU
		{BFE35789-4750-4886-9288-CF74E6D8BECB}.Debug|Any CPU.ActiveCfg = Debug|Any CPU
		{BFE35789-4750-4886-9288-CF74E6D8BECB}.Debug|Any CPU.Build.0 = Debug|Any CPU
		{BFE35789-4750-4886-9288-CF74E6D8BECB}.Release|Any CPU.ActiveCfg = Release|Any CPU
		{BFE35789-4750-4886-9288-CF74E6D8BECB}.Release|Any CPU.Build.0 = Release|Any CPU
		{BBCA17E1-AB6A-4AD7-80E8-3E457D6E8A5C}.Debug|Any CPU.ActiveCfg = Debug|Any CPU
		{BBCA17E1-AB6A-4AD7-80E8-3E457D6E8A5C}.Debug|Any CPU.Build.0 = Debug|Any CPU
		{BBCA17E1-AB6A-4AD7-80E8-3E457D6E8A5C}.Release|Any CPU.ActiveCfg = Release|Any CPU
		{BBCA17E1-AB6A-4AD7-80E8-3E457D6E8A5C}.Release|Any CPU.Build.0 = Release|Any CPU
		{2483EB71-6AE4-46C1-BD26-BB540E5E7277}.Debug|Any CPU.ActiveCfg = Debug|Any CPU
		{2483EB71-6AE4-46C1-BD26-BB540E5E7277}.Debug|Any CPU.Build.0 = Debug|Any CPU
		{2483EB71-6AE4-46C1-BD26-BB540E5E7277}.Release|Any CPU.ActiveCfg = Release|Any CPU
		{2483EB71-6AE4-46C1-BD26-BB540E5E7277}.Release|Any CPU.Build.0 = Release|Any CPU
		{0BCF3AC0-B886-4C5D-B311-FB9C7CF23847}.Debug|Any CPU.ActiveCfg = Debug|Any CPU
		{0BCF3AC0-B886-4C5D-B311-FB9C7CF23847}.Debug|Any CPU.Build.0 = Debug|Any CPU
		{0BCF3AC0-B886-4C5D-B311-FB9C7CF23847}.Release|Any CPU.ActiveCfg = Release|Any CPU
		{0BCF3AC0-B886-4C5D-B311-FB9C7CF23847}.Release|Any CPU.Build.0 = Release|Any CPU
		{A6459A65-3CE8-442C-9815-CF0E3823AA6E}.Debug|Any CPU.ActiveCfg = Debug|Any CPU
		{A6459A65-3CE8-442C-9815-CF0E3823AA6E}.Debug|Any CPU.Build.0 = Debug|Any CPU
		{A6459A65-3CE8-442C-9815-CF0E3823AA6E}.Release|Any CPU.ActiveCfg = Release|Any CPU
		{A6459A65-3CE8-442C-9815-CF0E3823AA6E}.Release|Any CPU.Build.0 = Release|Any CPU
		{4032C8ED-9123-4251-B0F9-0A0AB081B550}.Debug|Any CPU.ActiveCfg = Debug|Any CPU
		{4032C8ED-9123-4251-B0F9-0A0AB081B550}.Debug|Any CPU.Build.0 = Debug|Any CPU
		{4032C8ED-9123-4251-B0F9-0A0AB081B550}.Release|Any CPU.ActiveCfg = Release|Any CPU
		{4032C8ED-9123-4251-B0F9-0A0AB081B550}.Release|Any CPU.Build.0 = Release|Any CPU
		{9FFC8A30-9A00-47EB-8C79-3A5BC0FC650D}.Debug|Any CPU.ActiveCfg = Debug|Any CPU
		{9FFC8A30-9A00-47EB-8C79-3A5BC0FC650D}.Debug|Any CPU.Build.0 = Debug|Any CPU
		{9FFC8A30-9A00-47EB-8C79-3A5BC0FC650D}.Release|Any CPU.ActiveCfg = Release|Any CPU
		{9FFC8A30-9A00-47EB-8C79-3A5BC0FC650D}.Release|Any CPU.Build.0 = Release|Any CPU
		{D2BE9845-5E12-4E07-8C89-EAC5A0A0ECE8}.Debug|Any CPU.ActiveCfg = Debug|Any CPU
		{D2BE9845-5E12-4E07-8C89-EAC5A0A0ECE8}.Debug|Any CPU.Build.0 = Debug|Any CPU
		{D2BE9845-5E12-4E07-8C89-EAC5A0A0ECE8}.Release|Any CPU.ActiveCfg = Release|Any CPU
		{D2BE9845-5E12-4E07-8C89-EAC5A0A0ECE8}.Release|Any CPU.Build.0 = Release|Any CPU
		{ECB8D16F-65FC-4D47-A154-1C78432E3E6B}.Debug|Any CPU.ActiveCfg = Debug|Any CPU
		{ECB8D16F-65FC-4D47-A154-1C78432E3E6B}.Debug|Any CPU.Build.0 = Debug|Any CPU
		{ECB8D16F-65FC-4D47-A154-1C78432E3E6B}.Release|Any CPU.ActiveCfg = Release|Any CPU
		{ECB8D16F-65FC-4D47-A154-1C78432E3E6B}.Release|Any CPU.Build.0 = Release|Any CPU
		{98D277BF-0AAD-4068-9504-DC60C005AB3E}.Debug|Any CPU.ActiveCfg = Debug|Any CPU
		{98D277BF-0AAD-4068-9504-DC60C005AB3E}.Debug|Any CPU.Build.0 = Debug|Any CPU
		{98D277BF-0AAD-4068-9504-DC60C005AB3E}.Release|Any CPU.ActiveCfg = Release|Any CPU
		{98D277BF-0AAD-4068-9504-DC60C005AB3E}.Release|Any CPU.Build.0 = Release|Any CPU
		{83A8B83E-B98A-41B8-9BD3-108C413DE177}.Debug|Any CPU.ActiveCfg = Debug|Any CPU
		{83A8B83E-B98A-41B8-9BD3-108C413DE177}.Debug|Any CPU.Build.0 = Debug|Any CPU
		{83A8B83E-B98A-41B8-9BD3-108C413DE177}.Release|Any CPU.ActiveCfg = Release|Any CPU
		{83A8B83E-B98A-41B8-9BD3-108C413DE177}.Release|Any CPU.Build.0 = Release|Any CPU
		{8CBE4222-0CF4-452C-B033-B6FFB4A6CF81}.Debug|Any CPU.ActiveCfg = Debug|Any CPU
		{8CBE4222-0CF4-452C-B033-B6FFB4A6CF81}.Debug|Any CPU.Build.0 = Debug|Any CPU
		{8CBE4222-0CF4-452C-B033-B6FFB4A6CF81}.Release|Any CPU.ActiveCfg = Release|Any CPU
		{8CBE4222-0CF4-452C-B033-B6FFB4A6CF81}.Release|Any CPU.Build.0 = Release|Any CPU
		{3F10CC6F-EF06-4122-A012-835F8CC04644}.Debug|Any CPU.ActiveCfg = Debug|Any CPU
		{3F10CC6F-EF06-4122-A012-835F8CC04644}.Debug|Any CPU.Build.0 = Debug|Any CPU
		{3F10CC6F-EF06-4122-A012-835F8CC04644}.Release|Any CPU.ActiveCfg = Release|Any CPU
		{3F10CC6F-EF06-4122-A012-835F8CC04644}.Release|Any CPU.Build.0 = Release|Any CPU
		{A94FC066-3B2A-4781-B841-C226D3B21EFF}.Debug|Any CPU.ActiveCfg = Debug|Any CPU
		{A94FC066-3B2A-4781-B841-C226D3B21EFF}.Debug|Any CPU.Build.0 = Debug|Any CPU
		{A94FC066-3B2A-4781-B841-C226D3B21EFF}.Release|Any CPU.ActiveCfg = Release|Any CPU
		{A94FC066-3B2A-4781-B841-C226D3B21EFF}.Release|Any CPU.Build.0 = Release|Any CPU
		{8D37BA85-CFF3-4A9A-BDBE-756BAED6B096}.Debug|Any CPU.ActiveCfg = Debug|Any CPU
		{8D37BA85-CFF3-4A9A-BDBE-756BAED6B096}.Debug|Any CPU.Build.0 = Debug|Any CPU
		{8D37BA85-CFF3-4A9A-BDBE-756BAED6B096}.Release|Any CPU.ActiveCfg = Release|Any CPU
		{8D37BA85-CFF3-4A9A-BDBE-756BAED6B096}.Release|Any CPU.Build.0 = Release|Any CPU
		{4FC1347F-EE86-4DEE-9F88-B17B016DAD40}.Debug|Any CPU.ActiveCfg = Debug|Any CPU
		{4FC1347F-EE86-4DEE-9F88-B17B016DAD40}.Debug|Any CPU.Build.0 = Debug|Any CPU
		{4FC1347F-EE86-4DEE-9F88-B17B016DAD40}.Release|Any CPU.ActiveCfg = Release|Any CPU
		{4FC1347F-EE86-4DEE-9F88-B17B016DAD40}.Release|Any CPU.Build.0 = Release|Any CPU
		{FF7E4CCE-7D18-438D-A6FB-AC932BD8F338}.Debug|Any CPU.ActiveCfg = Debug|Any CPU
		{FF7E4CCE-7D18-438D-A6FB-AC932BD8F338}.Debug|Any CPU.Build.0 = Debug|Any CPU
		{FF7E4CCE-7D18-438D-A6FB-AC932BD8F338}.Release|Any CPU.ActiveCfg = Release|Any CPU
		{FF7E4CCE-7D18-438D-A6FB-AC932BD8F338}.Release|Any CPU.Build.0 = Release|Any CPU
		{EF2AD2C6-42AC-408E-93A2-7A53AB8D00F9}.Debug|Any CPU.ActiveCfg = Debug|Any CPU
		{EF2AD2C6-42AC-408E-93A2-7A53AB8D00F9}.Debug|Any CPU.Build.0 = Debug|Any CPU
		{EF2AD2C6-42AC-408E-93A2-7A53AB8D00F9}.Release|Any CPU.ActiveCfg = Release|Any CPU
		{EF2AD2C6-42AC-408E-93A2-7A53AB8D00F9}.Release|Any CPU.Build.0 = Release|Any CPU
		{765A13EF-4608-4FB6-82E3-EDC6E669FA1C}.Debug|Any CPU.ActiveCfg = Debug|Any CPU
		{765A13EF-4608-4FB6-82E3-EDC6E669FA1C}.Debug|Any CPU.Build.0 = Debug|Any CPU
		{765A13EF-4608-4FB6-82E3-EDC6E669FA1C}.Release|Any CPU.ActiveCfg = Release|Any CPU
		{765A13EF-4608-4FB6-82E3-EDC6E669FA1C}.Release|Any CPU.Build.0 = Release|Any CPU
		{2561F17E-E6E7-4D1C-B2CD-F2632C71A868}.Debug|Any CPU.ActiveCfg = Debug|Any CPU
		{2561F17E-E6E7-4D1C-B2CD-F2632C71A868}.Debug|Any CPU.Build.0 = Debug|Any CPU
		{2561F17E-E6E7-4D1C-B2CD-F2632C71A868}.Release|Any CPU.ActiveCfg = Release|Any CPU
		{2561F17E-E6E7-4D1C-B2CD-F2632C71A868}.Release|Any CPU.Build.0 = Release|Any CPU
		{F48A29A0-4756-4044-80E4-65375191DCDC}.Debug|Any CPU.ActiveCfg = Debug|Any CPU
		{F48A29A0-4756-4044-80E4-65375191DCDC}.Debug|Any CPU.Build.0 = Debug|Any CPU
		{F48A29A0-4756-4044-80E4-65375191DCDC}.Release|Any CPU.ActiveCfg = Release|Any CPU
		{F48A29A0-4756-4044-80E4-65375191DCDC}.Release|Any CPU.Build.0 = Release|Any CPU
		{7201FB8D-0D2B-4E98-8307-C9E5B79A89CE}.Debug|Any CPU.ActiveCfg = Debug|Any CPU
		{7201FB8D-0D2B-4E98-8307-C9E5B79A89CE}.Debug|Any CPU.Build.0 = Debug|Any CPU
		{7201FB8D-0D2B-4E98-8307-C9E5B79A89CE}.Release|Any CPU.ActiveCfg = Release|Any CPU
		{7201FB8D-0D2B-4E98-8307-C9E5B79A89CE}.Release|Any CPU.Build.0 = Release|Any CPU
		{C42DB3BE-E751-426B-8F26-FBD8D1D06E20}.Debug|Any CPU.ActiveCfg = Debug|Any CPU
		{C42DB3BE-E751-426B-8F26-FBD8D1D06E20}.Debug|Any CPU.Build.0 = Debug|Any CPU
		{C42DB3BE-E751-426B-8F26-FBD8D1D06E20}.Release|Any CPU.ActiveCfg = Release|Any CPU
		{C42DB3BE-E751-426B-8F26-FBD8D1D06E20}.Release|Any CPU.Build.0 = Release|Any CPU
		{B01D3F8E-ACF5-4DD1-8EC1-546BD243B519}.Debug|Any CPU.ActiveCfg = Debug|Any CPU
		{B01D3F8E-ACF5-4DD1-8EC1-546BD243B519}.Debug|Any CPU.Build.0 = Debug|Any CPU
		{B01D3F8E-ACF5-4DD1-8EC1-546BD243B519}.Release|Any CPU.ActiveCfg = Release|Any CPU
		{B01D3F8E-ACF5-4DD1-8EC1-546BD243B519}.Release|Any CPU.Build.0 = Release|Any CPU
		{BA4BD9D4-96FE-409D-91C3-F5C5AE21CA94}.Debug|Any CPU.ActiveCfg = Debug|Any CPU
		{BA4BD9D4-96FE-409D-91C3-F5C5AE21CA94}.Debug|Any CPU.Build.0 = Debug|Any CPU
		{BA4BD9D4-96FE-409D-91C3-F5C5AE21CA94}.Release|Any CPU.ActiveCfg = Release|Any CPU
		{BA4BD9D4-96FE-409D-91C3-F5C5AE21CA94}.Release|Any CPU.Build.0 = Release|Any CPU
		{1493E5E3-01C8-4EFC-9024-5C72E1E68B39}.Debug|Any CPU.ActiveCfg = Debug|Any CPU
		{1493E5E3-01C8-4EFC-9024-5C72E1E68B39}.Debug|Any CPU.Build.0 = Debug|Any CPU
		{1493E5E3-01C8-4EFC-9024-5C72E1E68B39}.Release|Any CPU.ActiveCfg = Release|Any CPU
		{1493E5E3-01C8-4EFC-9024-5C72E1E68B39}.Release|Any CPU.Build.0 = Release|Any CPU
		{9DE2C6A8-064A-4935-9C33-06DDC80BA30E}.Debug|Any CPU.ActiveCfg = Debug|Any CPU
		{9DE2C6A8-064A-4935-9C33-06DDC80BA30E}.Debug|Any CPU.Build.0 = Debug|Any CPU
		{9DE2C6A8-064A-4935-9C33-06DDC80BA30E}.Release|Any CPU.ActiveCfg = Release|Any CPU
		{9DE2C6A8-064A-4935-9C33-06DDC80BA30E}.Release|Any CPU.Build.0 = Release|Any CPU
		{81FF07DB-A865-40F0-9E66-C8662BA1C0CC}.Debug|Any CPU.ActiveCfg = Debug|Any CPU
		{81FF07DB-A865-40F0-9E66-C8662BA1C0CC}.Debug|Any CPU.Build.0 = Debug|Any CPU
		{81FF07DB-A865-40F0-9E66-C8662BA1C0CC}.Release|Any CPU.ActiveCfg = Release|Any CPU
		{81FF07DB-A865-40F0-9E66-C8662BA1C0CC}.Release|Any CPU.Build.0 = Release|Any CPU
		{62590A39-0047-46B5-8CE9-DD6AD1635FCC}.Debug|Any CPU.ActiveCfg = Debug|Any CPU
		{62590A39-0047-46B5-8CE9-DD6AD1635FCC}.Debug|Any CPU.Build.0 = Debug|Any CPU
		{62590A39-0047-46B5-8CE9-DD6AD1635FCC}.Release|Any CPU.ActiveCfg = Release|Any CPU
		{62590A39-0047-46B5-8CE9-DD6AD1635FCC}.Release|Any CPU.Build.0 = Release|Any CPU
		{35D2F707-3AF5-4E48-B29E-EF898E56531D}.Debug|Any CPU.ActiveCfg = Debug|Any CPU
		{35D2F707-3AF5-4E48-B29E-EF898E56531D}.Debug|Any CPU.Build.0 = Debug|Any CPU
		{35D2F707-3AF5-4E48-B29E-EF898E56531D}.Release|Any CPU.ActiveCfg = Release|Any CPU
		{35D2F707-3AF5-4E48-B29E-EF898E56531D}.Release|Any CPU.Build.0 = Release|Any CPU
		{6DB420EE-9977-4489-A7E3-BFA411F42530}.Debug|Any CPU.ActiveCfg = Debug|Any CPU
		{6DB420EE-9977-4489-A7E3-BFA411F42530}.Debug|Any CPU.Build.0 = Debug|Any CPU
		{6DB420EE-9977-4489-A7E3-BFA411F42530}.Release|Any CPU.ActiveCfg = Release|Any CPU
		{6DB420EE-9977-4489-A7E3-BFA411F42530}.Release|Any CPU.Build.0 = Release|Any CPU
		{01CBA68E-AB97-4FF2-AF6B-D856E57001E4}.Debug|Any CPU.ActiveCfg = Debug|Any CPU
		{01CBA68E-AB97-4FF2-AF6B-D856E57001E4}.Debug|Any CPU.Build.0 = Debug|Any CPU
		{01CBA68E-AB97-4FF2-AF6B-D856E57001E4}.Release|Any CPU.ActiveCfg = Release|Any CPU
		{01CBA68E-AB97-4FF2-AF6B-D856E57001E4}.Release|Any CPU.Build.0 = Release|Any CPU
		{B227D8F1-12C9-4262-9184-B5C56756A073}.Debug|Any CPU.ActiveCfg = Debug|Any CPU
		{B227D8F1-12C9-4262-9184-B5C56756A073}.Debug|Any CPU.Build.0 = Debug|Any CPU
		{B227D8F1-12C9-4262-9184-B5C56756A073}.Release|Any CPU.ActiveCfg = Release|Any CPU
		{B227D8F1-12C9-4262-9184-B5C56756A073}.Release|Any CPU.Build.0 = Release|Any CPU
	EndGlobalSection
	GlobalSection(SolutionProperties) = preSolution
		HideSolutionNode = FALSE
	EndGlobalSection
	GlobalSection(NestedProjects) = preSolution
		{212549E1-44C0-41BC-ADE3-BB09EAC46609} = {C194DF31-F09F-4D9C-9938-DEF2BAC20260}
		{D9A53C88-1D51-4CFC-9353-0169FB47445E} = {46CDD27C-8FE4-414F-9F9E-E0FE2FF03A72}
		{183B511E-0847-42FD-BEF9-CDFF4AB27D9F} = {46CDD27C-8FE4-414F-9F9E-E0FE2FF03A72}
		{257029AE-8A6A-4DDC-9BB8-4AD7E57B5104} = {C194DF31-F09F-4D9C-9938-DEF2BAC20260}
		{088DF29B-28A1-40D9-9B11-19DB2084F308} = {C194DF31-F09F-4D9C-9938-DEF2BAC20260}
		{F6F87AD4-F5C4-4F80-8595-CCE11DA25C76} = {46CDD27C-8FE4-414F-9F9E-E0FE2FF03A72}
		{C2340582-B013-4750-BFB0-348D5779A6EA} = {46CDD27C-8FE4-414F-9F9E-E0FE2FF03A72}
		{CE5AE674-523F-4416-9953-21E8ACC5DB0E} = {C194DF31-F09F-4D9C-9938-DEF2BAC20260}
		{77B054C1-99B4-49C4-9583-D1D1B2A330D5} = {46CDD27C-8FE4-414F-9F9E-E0FE2FF03A72}
		{837533D2-41E7-40FC-B485-23D72F0008EA} = {C194DF31-F09F-4D9C-9938-DEF2BAC20260}
		{3E198524-9211-4B90-9F94-96D5AF52EF22} = {46CDD27C-8FE4-414F-9F9E-E0FE2FF03A72}
		{DAEAB2D6-35CA-48DC-A56C-1B20CA471BDD} = {C194DF31-F09F-4D9C-9938-DEF2BAC20260}
		{C8F860E0-7F9D-48FF-80A7-E3224785DA72} = {46CDD27C-8FE4-414F-9F9E-E0FE2FF03A72}
		{29293FB7-EB7C-4FA5-B4B0-F17176658ACE} = {C194DF31-F09F-4D9C-9938-DEF2BAC20260}
		{D6B2E3AA-B492-48DD-B142-784E6EE4E3D8} = {46CDD27C-8FE4-414F-9F9E-E0FE2FF03A72}
		{4299BC40-7604-4D05-AE3D-2CBF09A23130} = {C194DF31-F09F-4D9C-9938-DEF2BAC20260}
		{7211C4E8-305A-4D16-B907-2FEF2B48D213} = {46CDD27C-8FE4-414F-9F9E-E0FE2FF03A72}
		{E13C84C1-77A5-4102-9854-E87271A58172} = {C194DF31-F09F-4D9C-9938-DEF2BAC20260}
		{EE920360-EA4C-4EC4-8F6E-2C6A58072905} = {46CDD27C-8FE4-414F-9F9E-E0FE2FF03A72}
		{BFE35789-4750-4886-9288-CF74E6D8BECB} = {C194DF31-F09F-4D9C-9938-DEF2BAC20260}
		{BBCA17E1-AB6A-4AD7-80E8-3E457D6E8A5C} = {46CDD27C-8FE4-414F-9F9E-E0FE2FF03A72}
		{2483EB71-6AE4-46C1-BD26-BB540E5E7277} = {C194DF31-F09F-4D9C-9938-DEF2BAC20260}
		{0BCF3AC0-B886-4C5D-B311-FB9C7CF23847} = {46CDD27C-8FE4-414F-9F9E-E0FE2FF03A72}
		{A6459A65-3CE8-442C-9815-CF0E3823AA6E} = {C194DF31-F09F-4D9C-9938-DEF2BAC20260}
		{4032C8ED-9123-4251-B0F9-0A0AB081B550} = {46CDD27C-8FE4-414F-9F9E-E0FE2FF03A72}
		{9FFC8A30-9A00-47EB-8C79-3A5BC0FC650D} = {C194DF31-F09F-4D9C-9938-DEF2BAC20260}
		{D2BE9845-5E12-4E07-8C89-EAC5A0A0ECE8} = {46CDD27C-8FE4-414F-9F9E-E0FE2FF03A72}
		{ECB8D16F-65FC-4D47-A154-1C78432E3E6B} = {C194DF31-F09F-4D9C-9938-DEF2BAC20260}
		{98D277BF-0AAD-4068-9504-DC60C005AB3E} = {46CDD27C-8FE4-414F-9F9E-E0FE2FF03A72}
		{83A8B83E-B98A-41B8-9BD3-108C413DE177} = {C194DF31-F09F-4D9C-9938-DEF2BAC20260}
		{8CBE4222-0CF4-452C-B033-B6FFB4A6CF81} = {46CDD27C-8FE4-414F-9F9E-E0FE2FF03A72}
		{3F10CC6F-EF06-4122-A012-835F8CC04644} = {C194DF31-F09F-4D9C-9938-DEF2BAC20260}
		{A94FC066-3B2A-4781-B841-C226D3B21EFF} = {46CDD27C-8FE4-414F-9F9E-E0FE2FF03A72}
		{8D37BA85-CFF3-4A9A-BDBE-756BAED6B096} = {C194DF31-F09F-4D9C-9938-DEF2BAC20260}
		{4FC1347F-EE86-4DEE-9F88-B17B016DAD40} = {46CDD27C-8FE4-414F-9F9E-E0FE2FF03A72}
		{FF7E4CCE-7D18-438D-A6FB-AC932BD8F338} = {C194DF31-F09F-4D9C-9938-DEF2BAC20260}
		{EF2AD2C6-42AC-408E-93A2-7A53AB8D00F9} = {46CDD27C-8FE4-414F-9F9E-E0FE2FF03A72}
		{765A13EF-4608-4FB6-82E3-EDC6E669FA1C} = {C194DF31-F09F-4D9C-9938-DEF2BAC20260}
		{2561F17E-E6E7-4D1C-B2CD-F2632C71A868} = {46CDD27C-8FE4-414F-9F9E-E0FE2FF03A72}
		{F48A29A0-4756-4044-80E4-65375191DCDC} = {C194DF31-F09F-4D9C-9938-DEF2BAC20260}
		{7201FB8D-0D2B-4E98-8307-C9E5B79A89CE} = {46CDD27C-8FE4-414F-9F9E-E0FE2FF03A72}
		{C42DB3BE-E751-426B-8F26-FBD8D1D06E20} = {C194DF31-F09F-4D9C-9938-DEF2BAC20260}
		{B01D3F8E-ACF5-4DD1-8EC1-546BD243B519} = {46CDD27C-8FE4-414F-9F9E-E0FE2FF03A72}
		{BA4BD9D4-96FE-409D-91C3-F5C5AE21CA94} = {C194DF31-F09F-4D9C-9938-DEF2BAC20260}
		{1493E5E3-01C8-4EFC-9024-5C72E1E68B39} = {46CDD27C-8FE4-414F-9F9E-E0FE2FF03A72}
		{9DE2C6A8-064A-4935-9C33-06DDC80BA30E} = {C194DF31-F09F-4D9C-9938-DEF2BAC20260}
		{81FF07DB-A865-40F0-9E66-C8662BA1C0CC} = {46CDD27C-8FE4-414F-9F9E-E0FE2FF03A72}
		{62590A39-0047-46B5-8CE9-DD6AD1635FCC} = {C194DF31-F09F-4D9C-9938-DEF2BAC20260}
		{35D2F707-3AF5-4E48-B29E-EF898E56531D} = {46CDD27C-8FE4-414F-9F9E-E0FE2FF03A72}
		{6DB420EE-9977-4489-A7E3-BFA411F42530} = {C194DF31-F09F-4D9C-9938-DEF2BAC20260}
		{01CBA68E-AB97-4FF2-AF6B-D856E57001E4} = {46CDD27C-8FE4-414F-9F9E-E0FE2FF03A72}
		{B227D8F1-12C9-4262-9184-B5C56756A073} = {C194DF31-F09F-4D9C-9938-DEF2BAC20260}
	EndGlobalSection
	GlobalSection(ExtensibilityGlobals) = postSolution
		SolutionGuid = {89C5F152-8DCF-41C7-AA44-E8041C49E605}
	EndGlobalSection
EndGlobal
