
Microsoft Visual Studio Solution File, Format Version 12.00
# Visual Studio Version 17
VisualStudioVersion = 17.8.34322.80
MinimumVisualStudioVersion = 10.0.40219.1
Project("{9A19103F-16F7-4668-BE54-9A1E7A4F7556}") = "Aoc2023Day1Test", "test\Aoc2023Day1Test\Aoc2023Day1Test.csproj", "{212549E1-44C0-41BC-ADE3-BB09EAC46609}"
EndProject
Project("{2150E333-8FDC-42A3-9474-1A3956D46DE8}") = "src", "src", "{46CDD27C-8FE4-414F-9F9E-E0FE2FF03A72}"
EndProject
Project("{2150E333-8FDC-42A3-9474-1A3956D46DE8}") = "test", "test", "{C194DF31-F09F-4D9C-9938-DEF2BAC20260}"
EndProject
Project("{9A19103F-16F7-4668-BE54-9A1E7A4F7556}") = "Aoc2023Day1", "src\Aoc2023Day1\Aoc2023Day1.csproj", "{D9A53C88-1D51-4CFC-9353-0169FB47445E}"
EndProject
Project("{9A19103F-16F7-4668-BE54-9A1E7A4F7556}") = "Aoc2023Day2", "src\Aoc2023Day2\Aoc2023Day2.csproj", "{183B511E-0847-42FD-BEF9-CDFF4AB27D9F}"
EndProject
Project("{9A19103F-16F7-4668-BE54-9A1E7A4F7556}") = "Aoc2023Day2Test", "test\Aoc2023Day2Test\Aoc2023Day2Test.csproj", "{257029AE-8A6A-4DDC-9BB8-4AD7E57B5104}"
EndProject
Project("{FAE04EC0-301F-11D3-BF4B-00C04F79EFBC}") = "Aoc2023Day3Test", "test\Aoc2023Day3Test\Aoc2023Day3Test.csproj", "{088DF29B-28A1-40D9-9B11-19DB2084F308}"
EndProject
Project("{FAE04EC0-301F-11D3-BF4B-00C04F79EFBC}") = "Aoc2023Day3", "src\Aoc2023Day3\Aoc2023Day3.csproj", "{F6F87AD4-F5C4-4F80-8595-CCE11DA25C76}"
EndProject
Project("{FAE04EC0-301F-11D3-BF4B-00C04F79EFBC}") = "Aoc2023Day4", "src\Aoc2023Day4\Aoc2023Day4.csproj", "{C2340582-B013-4750-BFB0-348D5779A6EA}"
EndProject
Project("{FAE04EC0-301F-11D3-BF4B-00C04F79EFBC}") = "Aoc2023Day4Test", "test\Aoc2023Day4Test\Aoc2023Day4Test.csproj", "{CE5AE674-523F-4416-9953-21E8ACC5DB0E}"
EndProject
Project("{FAE04EC0-301F-11D3-BF4B-00C04F79EFBC}") = "Aoc2023Day5", "src\Aoc2023Day5\Aoc2023Day5.csproj", "{77B054C1-99B4-49C4-9583-D1D1B2A330D5}"
EndProject
Project("{FAE04EC0-301F-11D3-BF4B-00C04F79EFBC}") = "Aoc2023Day5Test", "test\Aoc2023Day5Test\Aoc2023Day5Test.csproj", "{837533D2-41E7-40FC-B485-23D72F0008EA}"
EndProject
Project("{FAE04EC0-301F-11D3-BF4B-00C04F79EFBC}") = "Aoc2023Day6", "src\Aoc2023Day6\Aoc2023Day6.csproj", "{3E198524-9211-4B90-9F94-96D5AF52EF22}"
EndProject
Project("{FAE04EC0-301F-11D3-BF4B-00C04F79EFBC}") = "Aoc2023Day6Test", "test\Aoc2023Day6Test\Aoc2023Day6Test.csproj", "{DAEAB2D6-35CA-48DC-A56C-1B20CA471BDD}"
EndProject
Project("{FAE04EC0-301F-11D3-BF4B-00C04F79EFBC}") = "Aoc2023Day7", "src\Aoc2023Day7\Aoc2023Day7.csproj", "{C8F860E0-7F9D-48FF-80A7-E3224785DA72}"
EndProject
Project("{FAE04EC0-301F-11D3-BF4B-00C04F79EFBC}") = "Aoc2023Day7Test", "test\Aoc2023Day7Test\Aoc2023Day7Test.csproj", "{29293FB7-EB7C-4FA5-B4B0-F17176658ACE}"
EndProject
Project("{FAE04EC0-301F-11D3-BF4B-00C04F79EFBC}") = "Aoc2023Day9", "src\Aoc2023Day9\Aoc2023Day9.csproj", "{D6B2E3AA-B492-48DD-B142-784E6EE4E3D8}"
EndProject
Project("{FAE04EC0-301F-11D3-BF4B-00C04F79EFBC}") = "Aoc2023Day9Test", "test\Aoc2023Day9Test\Aoc2023Day9Test.csproj", "{4299BC40-7604-4D05-AE3D-2CBF09A23130}"
EndProject
Project("{FAE04EC0-301F-11D3-BF4B-00C04F79EFBC}") = "Aoc2023Day10", "src\Aoc2023Day10\Aoc2023Day10.csproj", "{7211C4E8-305A-4D16-B907-2FEF2B48D213}"
EndProject
Project("{FAE04EC0-301F-11D3-BF4B-00C04F79EFBC}") = "Aoc2023Day10Test", "test\Aoc2023Day10Test\Aoc2023Day10Test.csproj", "{E13C84C1-77A5-4102-9854-E87271A58172}"
EndProject
Project("{FAE04EC0-301F-11D3-BF4B-00C04F79EFBC}") = "Aoc2023Day8", "src\Aoc2023Day8\Aoc2023Day8.csproj", "{EE920360-EA4C-4EC4-8F6E-2C6A58072905}"
EndProject
Project("{FAE04EC0-301F-11D3-BF4B-00C04F79EFBC}") = "Aoc2023Day8Test", "test\Aoc2023Day8Test\Aoc2023Day8Test.csproj", "{BFE35789-4750-4886-9288-CF74E6D8BECB}"
EndProject
Project("{FAE04EC0-301F-11D3-BF4B-00C04F79EFBC}") = "Aoc2023Day11", "src\Aoc2023Day11\Aoc2023Day11.csproj", "{BBCA17E1-AB6A-4AD7-80E8-3E457D6E8A5C}"
EndProject
Project("{FAE04EC0-301F-11D3-BF4B-00C04F79EFBC}") = "Aoc2023Day11Test", "test\Aoc2023Day11Test\Aoc2023Day11Test.csproj", "{2483EB71-6AE4-46C1-BD26-BB540E5E7277}"
EndProject
Global
	GlobalSection(SolutionConfigurationPlatforms) = preSolution
		Debug|Any CPU = Debug|Any CPU
		Release|Any CPU = Release|Any CPU
	EndGlobalSection
	GlobalSection(ProjectConfigurationPlatforms) = postSolution
		{212549E1-44C0-41BC-ADE3-BB09EAC46609}.Debug|Any CPU.ActiveCfg = Debug|Any CPU
		{212549E1-44C0-41BC-ADE3-BB09EAC46609}.Debug|Any CPU.Build.0 = Debug|Any CPU
		{212549E1-44C0-41BC-ADE3-BB09EAC46609}.Release|Any CPU.ActiveCfg = Release|Any CPU
		{212549E1-44C0-41BC-ADE3-BB09EAC46609}.Release|Any CPU.Build.0 = Release|Any CPU
		{D9A53C88-1D51-4CFC-9353-0169FB47445E}.Debug|Any CPU.ActiveCfg = Debug|Any CPU
		{D9A53C88-1D51-4CFC-9353-0169FB47445E}.Debug|Any CPU.Build.0 = Debug|Any CPU
		{D9A53C88-1D51-4CFC-9353-0169FB47445E}.Release|Any CPU.ActiveCfg = Release|Any CPU
		{D9A53C88-1D51-4CFC-9353-0169FB47445E}.Release|Any CPU.Build.0 = Release|Any CPU
		{183B511E-0847-42FD-BEF9-CDFF4AB27D9F}.Debug|Any CPU.ActiveCfg = Debug|Any CPU
		{183B511E-0847-42FD-BEF9-CDFF4AB27D9F}.Debug|Any CPU.Build.0 = Debug|Any CPU
		{183B511E-0847-42FD-BEF9-CDFF4AB27D9F}.Release|Any CPU.ActiveCfg = Release|Any CPU
		{183B511E-0847-42FD-BEF9-CDFF4AB27D9F}.Release|Any CPU.Build.0 = Release|Any CPU
		{257029AE-8A6A-4DDC-9BB8-4AD7E57B5104}.Debug|Any CPU.ActiveCfg = Debug|Any CPU
		{257029AE-8A6A-4DDC-9BB8-4AD7E57B5104}.Debug|Any CPU.Build.0 = Debug|Any CPU
		{257029AE-8A6A-4DDC-9BB8-4AD7E57B5104}.Release|Any CPU.ActiveCfg = Release|Any CPU
		{257029AE-8A6A-4DDC-9BB8-4AD7E57B5104}.Release|Any CPU.Build.0 = Release|Any CPU
		{088DF29B-28A1-40D9-9B11-19DB2084F308}.Debug|Any CPU.ActiveCfg = Debug|Any CPU
		{088DF29B-28A1-40D9-9B11-19DB2084F308}.Debug|Any CPU.Build.0 = Debug|Any CPU
		{088DF29B-28A1-40D9-9B11-19DB2084F308}.Release|Any CPU.ActiveCfg = Release|Any CPU
		{088DF29B-28A1-40D9-9B11-19DB2084F308}.Release|Any CPU.Build.0 = Release|Any CPU
		{F6F87AD4-F5C4-4F80-8595-CCE11DA25C76}.Debug|Any CPU.ActiveCfg = Debug|Any CPU
		{F6F87AD4-F5C4-4F80-8595-CCE11DA25C76}.Debug|Any CPU.Build.0 = Debug|Any CPU
		{F6F87AD4-F5C4-4F80-8595-CCE11DA25C76}.Release|Any CPU.ActiveCfg = Release|Any CPU
		{F6F87AD4-F5C4-4F80-8595-CCE11DA25C76}.Release|Any CPU.Build.0 = Release|Any CPU
		{C2340582-B013-4750-BFB0-348D5779A6EA}.Debug|Any CPU.ActiveCfg = Debug|Any CPU
		{C2340582-B013-4750-BFB0-348D5779A6EA}.Debug|Any CPU.Build.0 = Debug|Any CPU
		{C2340582-B013-4750-BFB0-348D5779A6EA}.Release|Any CPU.ActiveCfg = Release|Any CPU
		{C2340582-B013-4750-BFB0-348D5779A6EA}.Release|Any CPU.Build.0 = Release|Any CPU
		{CE5AE674-523F-4416-9953-21E8ACC5DB0E}.Debug|Any CPU.ActiveCfg = Debug|Any CPU
		{CE5AE674-523F-4416-9953-21E8ACC5DB0E}.Debug|Any CPU.Build.0 = Debug|Any CPU
		{CE5AE674-523F-4416-9953-21E8ACC5DB0E}.Release|Any CPU.ActiveCfg = Release|Any CPU
		{CE5AE674-523F-4416-9953-21E8ACC5DB0E}.Release|Any CPU.Build.0 = Release|Any CPU
		{77B054C1-99B4-49C4-9583-D1D1B2A330D5}.Debug|Any CPU.ActiveCfg = Debug|Any CPU
		{77B054C1-99B4-49C4-9583-D1D1B2A330D5}.Debug|Any CPU.Build.0 = Debug|Any CPU
		{77B054C1-99B4-49C4-9583-D1D1B2A330D5}.Release|Any CPU.ActiveCfg = Release|Any CPU
		{77B054C1-99B4-49C4-9583-D1D1B2A330D5}.Release|Any CPU.Build.0 = Release|Any CPU
		{837533D2-41E7-40FC-B485-23D72F0008EA}.Debug|Any CPU.ActiveCfg = Debug|Any CPU
		{837533D2-41E7-40FC-B485-23D72F0008EA}.Debug|Any CPU.Build.0 = Debug|Any CPU
		{837533D2-41E7-40FC-B485-23D72F0008EA}.Release|Any CPU.ActiveCfg = Release|Any CPU
		{837533D2-41E7-40FC-B485-23D72F0008EA}.Release|Any CPU.Build.0 = Release|Any CPU
		{3E198524-9211-4B90-9F94-96D5AF52EF22}.Debug|Any CPU.ActiveCfg = Debug|Any CPU
		{3E198524-9211-4B90-9F94-96D5AF52EF22}.Debug|Any CPU.Build.0 = Debug|Any CPU
		{3E198524-9211-4B90-9F94-96D5AF52EF22}.Release|Any CPU.ActiveCfg = Release|Any CPU
		{3E198524-9211-4B90-9F94-96D5AF52EF22}.Release|Any CPU.Build.0 = Release|Any CPU
		{DAEAB2D6-35CA-48DC-A56C-1B20CA471BDD}.Debug|Any CPU.ActiveCfg = Debug|Any CPU
		{DAEAB2D6-35CA-48DC-A56C-1B20CA471BDD}.Debug|Any CPU.Build.0 = Debug|Any CPU
		{DAEAB2D6-35CA-48DC-A56C-1B20CA471BDD}.Release|Any CPU.ActiveCfg = Release|Any CPU
		{DAEAB2D6-35CA-48DC-A56C-1B20CA471BDD}.Release|Any CPU.Build.0 = Release|Any CPU
		{C8F860E0-7F9D-48FF-80A7-E3224785DA72}.Debug|Any CPU.ActiveCfg = Debug|Any CPU
		{C8F860E0-7F9D-48FF-80A7-E3224785DA72}.Debug|Any CPU.Build.0 = Debug|Any CPU
		{C8F860E0-7F9D-48FF-80A7-E3224785DA72}.Release|Any CPU.ActiveCfg = Release|Any CPU
		{C8F860E0-7F9D-48FF-80A7-E3224785DA72}.Release|Any CPU.Build.0 = Release|Any CPU
		{29293FB7-EB7C-4FA5-B4B0-F17176658ACE}.Debug|Any CPU.ActiveCfg = Debug|Any CPU
		{29293FB7-EB7C-4FA5-B4B0-F17176658ACE}.Debug|Any CPU.Build.0 = Debug|Any CPU
		{29293FB7-EB7C-4FA5-B4B0-F17176658ACE}.Release|Any CPU.ActiveCfg = Release|Any CPU
		{29293FB7-EB7C-4FA5-B4B0-F17176658ACE}.Release|Any CPU.Build.0 = Release|Any CPU
		{D6B2E3AA-B492-48DD-B142-784E6EE4E3D8}.Debug|Any CPU.ActiveCfg = Debug|Any CPU
		{D6B2E3AA-B492-48DD-B142-784E6EE4E3D8}.Debug|Any CPU.Build.0 = Debug|Any CPU
		{D6B2E3AA-B492-48DD-B142-784E6EE4E3D8}.Release|Any CPU.ActiveCfg = Release|Any CPU
		{D6B2E3AA-B492-48DD-B142-784E6EE4E3D8}.Release|Any CPU.Build.0 = Release|Any CPU
		{4299BC40-7604-4D05-AE3D-2CBF09A23130}.Debug|Any CPU.ActiveCfg = Debug|Any CPU
		{4299BC40-7604-4D05-AE3D-2CBF09A23130}.Debug|Any CPU.Build.0 = Debug|Any CPU
		{4299BC40-7604-4D05-AE3D-2CBF09A23130}.Release|Any CPU.ActiveCfg = Release|Any CPU
		{4299BC40-7604-4D05-AE3D-2CBF09A23130}.Release|Any CPU.Build.0 = Release|Any CPU
		{7211C4E8-305A-4D16-B907-2FEF2B48D213}.Debug|Any CPU.ActiveCfg = Debug|Any CPU
		{7211C4E8-305A-4D16-B907-2FEF2B48D213}.Debug|Any CPU.Build.0 = Debug|Any CPU
		{7211C4E8-305A-4D16-B907-2FEF2B48D213}.Release|Any CPU.ActiveCfg = Release|Any CPU
		{7211C4E8-305A-4D16-B907-2FEF2B48D213}.Release|Any CPU.Build.0 = Release|Any CPU
		{E13C84C1-77A5-4102-9854-E87271A58172}.Debug|Any CPU.ActiveCfg = Debug|Any CPU
		{E13C84C1-77A5-4102-9854-E87271A58172}.Debug|Any CPU.Build.0 = Debug|Any CPU
		{E13C84C1-77A5-4102-9854-E87271A58172}.Release|Any CPU.ActiveCfg = Release|Any CPU
		{E13C84C1-77A5-4102-9854-E87271A58172}.Release|Any CPU.Build.0 = Release|Any CPU
		{EE920360-EA4C-4EC4-8F6E-2C6A58072905}.Debug|Any CPU.ActiveCfg = Debug|Any CPU
		{EE920360-EA4C-4EC4-8F6E-2C6A58072905}.Debug|Any CPU.Build.0 = Debug|Any CPU
		{EE920360-EA4C-4EC4-8F6E-2C6A58072905}.Release|Any CPU.ActiveCfg = Release|Any CPU
		{EE920360-EA4C-4EC4-8F6E-2C6A58072905}.Release|Any CPU.Build.0 = Release|Any CPU
		{BFE35789-4750-4886-9288-CF74E6D8BECB}.Debug|Any CPU.ActiveCfg = Debug|Any CPU
		{BFE35789-4750-4886-9288-CF74E6D8BECB}.Debug|Any CPU.Build.0 = Debug|Any CPU
		{BFE35789-4750-4886-9288-CF74E6D8BECB}.Release|Any CPU.ActiveCfg = Release|Any CPU
		{BFE35789-4750-4886-9288-CF74E6D8BECB}.Release|Any CPU.Build.0 = Release|Any CPU
		{BBCA17E1-AB6A-4AD7-80E8-3E457D6E8A5C}.Debug|Any CPU.ActiveCfg = Debug|Any CPU
		{BBCA17E1-AB6A-4AD7-80E8-3E457D6E8A5C}.Debug|Any CPU.Build.0 = Debug|Any CPU
		{BBCA17E1-AB6A-4AD7-80E8-3E457D6E8A5C}.Release|Any CPU.ActiveCfg = Release|Any CPU
		{BBCA17E1-AB6A-4AD7-80E8-3E457D6E8A5C}.Release|Any CPU.Build.0 = Release|Any CPU
		{2483EB71-6AE4-46C1-BD26-BB540E5E7277}.Debug|Any CPU.ActiveCfg = Debug|Any CPU
		{2483EB71-6AE4-46C1-BD26-BB540E5E7277}.Debug|Any CPU.Build.0 = Debug|Any CPU
		{2483EB71-6AE4-46C1-BD26-BB540E5E7277}.Release|Any CPU.ActiveCfg = Release|Any CPU
		{2483EB71-6AE4-46C1-BD26-BB540E5E7277}.Release|Any CPU.Build.0 = Release|Any CPU
	EndGlobalSection
	GlobalSection(SolutionProperties) = preSolution
		HideSolutionNode = FALSE
	EndGlobalSection
	GlobalSection(NestedProjects) = preSolution
		{212549E1-44C0-41BC-ADE3-BB09EAC46609} = {C194DF31-F09F-4D9C-9938-DEF2BAC20260}
		{D9A53C88-1D51-4CFC-9353-0169FB47445E} = {46CDD27C-8FE4-414F-9F9E-E0FE2FF03A72}
		{183B511E-0847-42FD-BEF9-CDFF4AB27D9F} = {46CDD27C-8FE4-414F-9F9E-E0FE2FF03A72}
		{257029AE-8A6A-4DDC-9BB8-4AD7E57B5104} = {C194DF31-F09F-4D9C-9938-DEF2BAC20260}
		{088DF29B-28A1-40D9-9B11-19DB2084F308} = {C194DF31-F09F-4D9C-9938-DEF2BAC20260}
		{F6F87AD4-F5C4-4F80-8595-CCE11DA25C76} = {46CDD27C-8FE4-414F-9F9E-E0FE2FF03A72}
		{C2340582-B013-4750-BFB0-348D5779A6EA} = {46CDD27C-8FE4-414F-9F9E-E0FE2FF03A72}
		{CE5AE674-523F-4416-9953-21E8ACC5DB0E} = {C194DF31-F09F-4D9C-9938-DEF2BAC20260}
		{77B054C1-99B4-49C4-9583-D1D1B2A330D5} = {46CDD27C-8FE4-414F-9F9E-E0FE2FF03A72}
		{837533D2-41E7-40FC-B485-23D72F0008EA} = {C194DF31-F09F-4D9C-9938-DEF2BAC20260}
		{3E198524-9211-4B90-9F94-96D5AF52EF22} = {46CDD27C-8FE4-414F-9F9E-E0FE2FF03A72}
		{DAEAB2D6-35CA-48DC-A56C-1B20CA471BDD} = {C194DF31-F09F-4D9C-9938-DEF2BAC20260}
		{C8F860E0-7F9D-48FF-80A7-E3224785DA72} = {46CDD27C-8FE4-414F-9F9E-E0FE2FF03A72}
		{29293FB7-EB7C-4FA5-B4B0-F17176658ACE} = {C194DF31-F09F-4D9C-9938-DEF2BAC20260}
		{D6B2E3AA-B492-48DD-B142-784E6EE4E3D8} = {46CDD27C-8FE4-414F-9F9E-E0FE2FF03A72}
		{4299BC40-7604-4D05-AE3D-2CBF09A23130} = {C194DF31-F09F-4D9C-9938-DEF2BAC20260}
		{7211C4E8-305A-4D16-B907-2FEF2B48D213} = {46CDD27C-8FE4-414F-9F9E-E0FE2FF03A72}
		{E13C84C1-77A5-4102-9854-E87271A58172} = {C194DF31-F09F-4D9C-9938-DEF2BAC20260}
		{EE920360-EA4C-4EC4-8F6E-2C6A58072905} = {46CDD27C-8FE4-414F-9F9E-E0FE2FF03A72}
		{BFE35789-4750-4886-9288-CF74E6D8BECB} = {C194DF31-F09F-4D9C-9938-DEF2BAC20260}
		{BBCA17E1-AB6A-4AD7-80E8-3E457D6E8A5C} = {46CDD27C-8FE4-414F-9F9E-E0FE2FF03A72}
		{2483EB71-6AE4-46C1-BD26-BB540E5E7277} = {C194DF31-F09F-4D9C-9938-DEF2BAC20260}
	EndGlobalSection
	GlobalSection(ExtensibilityGlobals) = postSolution
		SolutionGuid = {89C5F152-8DCF-41C7-AA44-E8041C49E605}
	EndGlobalSection
EndGlobal
