
Microsoft Visual Studio Solution File, Format Version 12.00
# Visual Studio Version 17
VisualStudioVersion = 17.0.31903.59
MinimumVisualStudioVersion = 10.0.40219.1
Project("{2150E333-8FDC-42A3-9474-1A3956D46DE8}") = "src", "src", "{226B2EEE-E2BA-4129-8D36-8BD083921613}"
EndProject
Project("{FAE04EC0-301F-11D3-BF4B-00C04F79EFBC}") = "Utils", "src\Utils\Utils.csproj", "{587A73E5-6BAB-4808-88E4-0A974CC66D3B}"
EndProject
Project("{FAE04EC0-301F-11D3-BF4B-00C04F79EFBC}") = "Aoc2023Day21", "src\Aoc2023Day21\Aoc2023Day21.csproj", "{29911D12-5540-4261-863C-68C5502E9D87}"
EndProject
Project("{2150E333-8FDC-42A3-9474-1A3956D46DE8}") = "test", "test", "{34AFD76E-DDC9-48F0-BEFB-CE57AEE2587C}"
EndProject
Project("{FAE04EC0-301F-11D3-BF4B-00C04F79EFBC}") = "Aoc2023Day21Test", "test\Aoc2023Day21Test\Aoc2023Day21Test.csproj", "{FC16A2A5-D815-4341-9734-A203C7406CEF}"
EndProject
Global
	GlobalSection(SolutionConfigurationPlatforms) = preSolution
		Debug|Any CPU = Debug|Any CPU
		Release|Any CPU = Release|Any CPU
	EndGlobalSection
	GlobalSection(SolutionProperties) = preSolution
		HideSolutionNode = FALSE
	EndGlobalSection
	GlobalSection(ProjectConfigurationPlatforms) = postSolution
		{587A73E5-6BAB-4808-88E4-0A974CC66D3B}.Debug|Any CPU.ActiveCfg = Debug|Any CPU
		{587A73E5-6BAB-4808-88E4-0A974CC66D3B}.Debug|Any CPU.Build.0 = Debug|Any CPU
		{587A73E5-6BAB-4808-88E4-0A974CC66D3B}.Release|Any CPU.ActiveCfg = Release|Any CPU
		{587A73E5-6BAB-4808-88E4-0A974CC66D3B}.Release|Any CPU.Build.0 = Release|Any CPU
		{29911D12-5540-4261-863C-68C5502E9D87}.Debug|Any CPU.ActiveCfg = Debug|Any CPU
		{29911D12-5540-4261-863C-68C5502E9D87}.Debug|Any CPU.Build.0 = Debug|Any CPU
		{29911D12-5540-4261-863C-68C5502E9D87}.Release|Any CPU.ActiveCfg = Release|Any CPU
		{29911D12-5540-4261-863C-68C5502E9D87}.Release|Any CPU.Build.0 = Release|Any CPU
		{FC16A2A5-D815-4341-9734-A203C7406CEF}.Debug|Any CPU.ActiveCfg = Debug|Any CPU
		{FC16A2A5-D815-4341-9734-A203C7406CEF}.Debug|Any CPU.Build.0 = Debug|Any CPU
		{FC16A2A5-D815-4341-9734-A203C7406CEF}.Release|Any CPU.ActiveCfg = Release|Any CPU
		{FC16A2A5-D815-4341-9734-A203C7406CEF}.Release|Any CPU.Build.0 = Release|Any CPU
	EndGlobalSection
	GlobalSection(NestedProjects) = preSolution
		{587A73E5-6BAB-4808-88E4-0A974CC66D3B} = {226B2EEE-E2BA-4129-8D36-8BD083921613}
		{29911D12-5540-4261-863C-68C5502E9D87} = {226B2EEE-E2BA-4129-8D36-8BD083921613}
		{FC16A2A5-D815-4341-9734-A203C7406CEF} = {34AFD76E-DDC9-48F0-BEFB-CE57AEE2587C}
	EndGlobalSection
EndGlobal
