
Microsoft Visual Studio Solution File, Format Version 12.00
# Visual Studio Version 17
VisualStudioVersion = 17.0.31903.59
MinimumVisualStudioVersion = 10.0.40219.1
Project("{2150E333-8FDC-42A3-9474-1A3956D46DE8}") = "src", "src", "{2ED09DFF-95A7-439B-9727-D41073259A67}"
EndProject
Project("{FAE04EC0-301F-11D3-BF4B-00C04F79EFBC}") = "Aoc2023Day3", "src\Aoc2023Day3\Aoc2023Day3.csproj", "{56028B2A-E0ED-4C91-B916-E6AB4987AB5B}"
EndProject
Project("{2150E333-8FDC-42A3-9474-1A3956D46DE8}") = "test", "test", "{A9B41960-B077-43C0-8EB3-45733E82AAB1}"
EndProject
Project("{FAE04EC0-301F-11D3-BF4B-00C04F79EFBC}") = "Aoc2023Day3Test", "test\Aoc2023Day3Test\Aoc2023Day3Test.csproj", "{95022F05-0E90-4374-AC33-5A2439690F3E}"
EndProject
Global
	GlobalSection(SolutionConfigurationPlatforms) = preSolution
		Debug|Any CPU = Debug|Any CPU
		Release|Any CPU = Release|Any CPU
	EndGlobalSection
	GlobalSection(SolutionProperties) = preSolution
		HideSolutionNode = FALSE
	EndGlobalSection
	GlobalSection(ProjectConfigurationPlatforms) = postSolution
		{56028B2A-E0ED-4C91-B916-E6AB4987AB5B}.Debug|Any CPU.ActiveCfg = Debug|Any CPU
		{56028B2A-E0ED-4C91-B916-E6AB4987AB5B}.Debug|Any CPU.Build.0 = Debug|Any CPU
		{56028B2A-E0ED-4C91-B916-E6AB4987AB5B}.Release|Any CPU.ActiveCfg = Release|Any CPU
		{56028B2A-E0ED-4C91-B916-E6AB4987AB5B}.Release|Any CPU.Build.0 = Release|Any CPU
		{95022F05-0E90-4374-AC33-5A2439690F3E}.Debug|Any CPU.ActiveCfg = Debug|Any CPU
		{95022F05-0E90-4374-AC33-5A2439690F3E}.Debug|Any CPU.Build.0 = Debug|Any CPU
		{95022F05-0E90-4374-AC33-5A2439690F3E}.Release|Any CPU.ActiveCfg = Release|Any CPU
		{95022F05-0E90-4374-AC33-5A2439690F3E}.Release|Any CPU.Build.0 = Release|Any CPU
	EndGlobalSection
	GlobalSection(NestedProjects) = preSolution
		{56028B2A-E0ED-4C91-B916-E6AB4987AB5B} = {2ED09DFF-95A7-439B-9727-D41073259A67}
		{95022F05-0E90-4374-AC33-5A2439690F3E} = {A9B41960-B077-43C0-8EB3-45733E82AAB1}
	EndGlobalSection
EndGlobal
