
Microsoft Visual Studio Solution File, Format Version 12.00
# Visual Studio Version 17
VisualStudioVersion = 17.0.31903.59
MinimumVisualStudioVersion = 10.0.40219.1
Project("{2150E333-8FDC-42A3-9474-1A3956D46DE8}") = "src", "src", "{CE529E43-3BEE-4D83-A9D0-E0D5471AA305}"
EndProject
Project("{FAE04EC0-301F-11D3-BF4B-00C04F79EFBC}") = "Aoc2023Day8", "src\Aoc2023Day8\Aoc2023Day8.csproj", "{6786FB66-EF6C-495A-A948-6E121A405F1D}"
EndProject
Project("{2150E333-8FDC-42A3-9474-1A3956D46DE8}") = "test", "test", "{5A5C89C6-D741-4FFE-8868-62E89B015475}"
EndProject
Project("{FAE04EC0-301F-11D3-BF4B-00C04F79EFBC}") = "Aoc2023Day8Test", "test\Aoc2023Day8Test\Aoc2023Day8Test.csproj", "{945D4EF0-3901-4AA0-A545-B43ACD12540F}"
EndProject
Global
	GlobalSection(SolutionConfigurationPlatforms) = preSolution
		Debug|Any CPU = Debug|Any CPU
		Release|Any CPU = Release|Any CPU
	EndGlobalSection
	GlobalSection(SolutionProperties) = preSolution
		HideSolutionNode = FALSE
	EndGlobalSection
	GlobalSection(ProjectConfigurationPlatforms) = postSolution
		{6786FB66-EF6C-495A-A948-6E121A405F1D}.Debug|Any CPU.ActiveCfg = Debug|Any CPU
		{6786FB66-EF6C-495A-A948-6E121A405F1D}.Debug|Any CPU.Build.0 = Debug|Any CPU
		{6786FB66-EF6C-495A-A948-6E121A405F1D}.Release|Any CPU.ActiveCfg = Release|Any CPU
		{6786FB66-EF6C-495A-A948-6E121A405F1D}.Release|Any CPU.Build.0 = Release|Any CPU
		{945D4EF0-3901-4AA0-A545-B43ACD12540F}.Debug|Any CPU.ActiveCfg = Debug|Any CPU
		{945D4EF0-3901-4AA0-A545-B43ACD12540F}.Debug|Any CPU.Build.0 = Debug|Any CPU
		{945D4EF0-3901-4AA0-A545-B43ACD12540F}.Release|Any CPU.ActiveCfg = Release|Any CPU
		{945D4EF0-3901-4AA0-A545-B43ACD12540F}.Release|Any CPU.Build.0 = Release|Any CPU
	EndGlobalSection
	GlobalSection(NestedProjects) = preSolution
		{6786FB66-EF6C-495A-A948-6E121A405F1D} = {CE529E43-3BEE-4D83-A9D0-E0D5471AA305}
		{945D4EF0-3901-4AA0-A545-B43ACD12540F} = {5A5C89C6-D741-4FFE-8868-62E89B015475}
	EndGlobalSection
EndGlobal
